
Microsoft Visual Studio Solution File, Format Version 12.00
# Visual Studio Version 17
VisualStudioVersion = 17.9.34607.119
MinimumVisualStudioVersion = 10.0.40219.1
Project("{FAE04EC0-301F-11D3-BF4B-00C04F79EFBC}") = "Movie Database Lab", "Movie Database Lab\Movie Database Lab.csproj", "{8BB1172B-8CD6-4E71-9FE5-23EF1E69DDC4}"
EndProject
Global
	GlobalSection(SolutionConfigurationPlatforms) = preSolution
		Debug|Any CPU = Debug|Any CPU
		Release|Any CPU = Release|Any CPU
	EndGlobalSection
	GlobalSection(ProjectConfigurationPlatforms) = postSolution
		{8BB1172B-8CD6-4E71-9FE5-23EF1E69DDC4}.Debug|Any CPU.ActiveCfg = Debug|Any CPU
		{8BB1172B-8CD6-4E71-9FE5-23EF1E69DDC4}.Debug|Any CPU.Build.0 = Debug|Any CPU
		{8BB1172B-8CD6-4E71-9FE5-23EF1E69DDC4}.Release|Any CPU.ActiveCfg = Release|Any CPU
		{8BB1172B-8CD6-4E71-9FE5-23EF1E69DDC4}.Release|Any CPU.Build.0 = Release|Any CPU
	EndGlobalSection
	GlobalSection(SolutionProperties) = preSolution
		HideSolutionNode = FALSE
	EndGlobalSection
	GlobalSection(ExtensibilityGlobals) = postSolution
		SolutionGuid = {BC17AE12-E36C-489F-8719-27553D1DE337}
	EndGlobalSection
EndGlobal
